<?xml version="1.0" encoding="utf-8"?>
<Project ToolsVersion="4.0" xmlns="http://schemas.microsoft.com/developer/msbuild/2003">
  <ItemGroup>
    <Filter Include="Source Files">
      <UniqueIdentifier>{4FC737F1-C7A5-4376-A066-2A32D752A2FF}</UniqueIdentifier>
      <Extensions>cpp;c;cc;cxx;c++;cppm;ixx;def;odl;idl;hpj;bat;asm;asmx</Extensions>
    </Filter>
    <Filter Include="Header Files">
      <UniqueIdentifier>{93995380-89BD-4b04-88EB-625FBE52EBFB}</UniqueIdentifier>
      <Extensions>h;hh;hpp;hxx;h++;hm;inl;inc;ipp;xsd</Extensions>
    </Filter>
    <Filter Include="Resource Files">
      <UniqueIdentifier>{67DA6AB6-F800-4c08-8B7A-83BB121AAD01}</UniqueIdentifier>
      <Extensions>rc;ico;cur;bmp;dlg;rc2;rct;bin;rgs;gif;jpg;jpeg;jpe;resx;tiff;tif;png;wav;mfcribbon-ms</Extensions>
    </Filter>
  </ItemGroup>
  <ItemGroup>
    <ClCompile Include="src\main.cpp">
      <Filter>Source Files</Filter>
    </ClCompile>
    <ClCompile Include="src\core\widget.cpp">
      <Filter>Source Files</Filter>
    </ClCompile>
    <ClCompile Include="src\core\window.cpp">
      <Filter>Source Files</Filter>
    </ClCompile>
    <ClCompile Include="src\core\renderer.cpp">
      <Filter>Source Files</Filter>
    </ClCompile>
    <ClCompile Include="src\visual\sprite.cpp">
      <Filter>Source Files</Filter>
    </ClCompile>
    <ClCompile Include="src\visual\character_visuals.cpp">
      <Filter>Source Files</Filter>
    </ClCompile>
    <ClCompile Include="src\behaviour\character_logic.cpp">
      <Filter>Source Files</Filter>
    </ClCompile>
    <ClCompile Include="src\behaviour\ai\ai_api.cpp">
      <Filter>Source Files</Filter>
    </ClCompile>
    <ClCompile Include="src\behaviour\ai\character_ai.cpp">
      <Filter>Source Files</Filter>
    </ClCompile>
    <ClCompile Include="src\core\input.cpp">
      <Filter>Source Files</Filter>
    </ClCompile>
    <ClCompile Include="src\output\log.cpp">
      <Filter>Source Files</Filter>
    </ClCompile>
    <ClCompile Include="src\behaviour\ai\system_prompts.cpp">
      <Filter>Source Files</Filter>
    </ClCompile>
    <ClCompile Include="src\config\config.cpp">
      <Filter>Source Files</Filter>
    </ClCompile>
    <ClCompile Include="src\core\sys.cpp">
      <Filter>Source Files</Filter>
    </ClCompile>
    <ClCompile Include="src\error\error_stories.cpp">
      <Filter>Source Files</Filter>
    </ClCompile>
    <ClCompile Include="src\visual\button.cpp">
      <Filter>Source Files</Filter>
    </ClCompile>
  </ItemGroup>
  <ItemGroup>
    <ClInclude Include="include\core\widget.h">
      <Filter>Header Files</Filter>
    </ClInclude>
    <ClInclude Include="include\core\window.h">
      <Filter>Header Files</Filter>
    </ClInclude>
    <ClInclude Include="include\core\renderer.h">
      <Filter>Header Files</Filter>
    </ClInclude>
    <ClInclude Include="include\visual\sprite.h">
      <Filter>Header Files</Filter>
    </ClInclude>
    <ClInclude Include="lib\stb\include\stb_image.h">
      <Filter>Header Files</Filter>
    </ClInclude>
    <ClInclude Include="include\visual\character_visuals.h">
      <Filter>Header Files</Filter>
    </ClInclude>
    <ClInclude Include="include\behaviour\character_logic.h">
      <Filter>Header Files</Filter>
    </ClInclude>
    <ClInclude Include="include\ddlc\characters.h">
      <Filter>Header Files</Filter>
    </ClInclude>
    <ClInclude Include="lib\nlohmann-json\include\nlohmann\json.hpp">
      <Filter>Header Files</Filter>
    </ClInclude>
    <ClInclude Include="lib\nlohmann-json\include\nlohmann\json_fwd.hpp">
      <Filter>Header Files</Filter>
    </ClInclude>
    <ClInclude Include="include\behaviour\ai\character_ai.h">
      <Filter>Header Files</Filter>
    </ClInclude>
    <ClInclude Include="include\behaviour\ai\ai_api.h">
      <Filter>Header Files</Filter>
    </ClInclude>
    <ClInclude Include="include\behaviour\character_interaction.h">
      <Filter>Header Files</Filter>
    </ClInclude>
    <ClInclude Include="include\behaviour\character_state.h">
      <Filter>Header Files</Filter>
    </ClInclude>
    <ClInclude Include="include\core\input.h">
      <Filter>Header Files</Filter>
    </ClInclude>
    <ClInclude Include="include\output\log.h">
      <Filter>Header Files</Filter>
    </ClInclude>
    <ClInclude Include="include\behaviour\ai\system_prompts.h">
      <Filter>Header Files</Filter>
    </ClInclude>
    <ClInclude Include="include\config\config.h">
      <Filter>Header Files</Filter>
    </ClInclude>
    <ClInclude Include="include\core\sys.h">
      <Filter>Header Files</Filter>
    </ClInclude>
    <ClInclude Include="include\error\ddlcd_runtime_error.h">
      <Filter>Header Files</Filter>
    </ClInclude>
    <ClInclude Include="include\error\error_stories.h">
      <Filter>Header Files</Filter>
    </ClInclude>
    <ClInclude Include="include\visual\button.h">
      <Filter>Header Files</Filter>
    </ClInclude>
  </ItemGroup>
</Project>